
Microsoft Visual Studio Solution File, Format Version 12.00
# Visual Studio Version 16
VisualStudioVersion = 16.0.30204.135
MinimumVisualStudioVersion = 10.0.40219.1
Project("{9A19103F-16F7-4668-BE54-9A1E7A4F7556}") = "MyShopApi", "MyShopApi\MyShopApi.csproj", "{55A1946F-2BAC-419C-8E66-32566AD8EE6C}"
EndProject
Global
	GlobalSection(SolutionConfigurationPlatforms) = preSolution
		Debug|Any CPU = Debug|Any CPU
		Release|Any CPU = Release|Any CPU
	EndGlobalSection
	GlobalSection(ProjectConfigurationPlatforms) = postSolution
		{55A1946F-2BAC-419C-8E66-32566AD8EE6C}.Debug|Any CPU.ActiveCfg = Debug|Any CPU
		{55A1946F-2BAC-419C-8E66-32566AD8EE6C}.Debug|Any CPU.Build.0 = Debug|Any CPU
		{55A1946F-2BAC-419C-8E66-32566AD8EE6C}.Release|Any CPU.ActiveCfg = Release|Any CPU
		{55A1946F-2BAC-419C-8E66-32566AD8EE6C}.Release|Any CPU.Build.0 = Release|Any CPU
	EndGlobalSection
	GlobalSection(SolutionProperties) = preSolution
		HideSolutionNode = FALSE
	EndGlobalSection
	GlobalSection(ExtensibilityGlobals) = postSolution
		SolutionGuid = {FA76F254-776B-47B8-9F9C-6EA717FC64BA}
	EndGlobalSection
EndGlobal
